
Microsoft Visual Studio Solution File, Format Version 12.00
# Visual Studio 15
VisualStudioVersion = 15.0.27703.2018
MinimumVisualStudioVersion = 10.0.40219.1
Project("{2150E333-8FDC-42A3-9474-1A3956D46DE8}") = "API", "API", "{B0EF7186-65A5-4403-A119-5A1316D8E28D}"
EndProject
Project("{2150E333-8FDC-42A3-9474-1A3956D46DE8}") = "FWK", "FWK", "{3527915C-4878-4D16-8F3B-DE58160900D9}"
EndProject
Project("{2150E333-8FDC-42A3-9474-1A3956D46DE8}") = "1 - Services", "1 - Services", "{DCA168B3-9F31-47B0-8A99-0A7960E6014E}"
EndProject
Project("{9A19103F-16F7-4668-BE54-9A1E7A4F7556}") = "FWK.ApiServices", "API\FWK.ApiServices\FWK.ApiServices.csproj", "{38AF0F54-6FEF-4236-9332-9B78F2E9230C}"
EndProject
Project("{2150E333-8FDC-42A3-9474-1A3956D46DE8}") = "2 - Application", "2 - Application", "{905F558F-F5B0-44BC-BA8A-48223B888AA1}"
EndProject
Project("{9A19103F-16F7-4668-BE54-9A1E7A4F7556}") = "FWK.AppService", "API\FWK.AppService\FWK.AppService.csproj", "{5505231E-D651-4FD8-BCA4-A2FEC8C44896}"
EndProject
Project("{2150E333-8FDC-42A3-9474-1A3956D46DE8}") = "3 - Domain", "3 - Domain", "{CECABAC1-16A4-40BB-B3E5-77F924627347}"
EndProject
Project("{2150E333-8FDC-42A3-9474-1A3956D46DE8}") = "4 - Infra", "4 - Infra", "{4B9D2698-5D3F-42BA-9EBE-D6180D38D93F}"
EndProject
Project("{9A19103F-16F7-4668-BE54-9A1E7A4F7556}") = "FWK.Infra.Data", "API\FWK.Infra.Data\FWK.Infra.Data.csproj", "{F55719ED-7338-4507-8188-7D32203DA0F2}"
EndProject
Project("{2150E333-8FDC-42A3-9474-1A3956D46DE8}") = "1 - Services", "1 - Services", "{7EABE880-8DB6-499A-9411-C8A61392969F}"
EndProject
Project("{2150E333-8FDC-42A3-9474-1A3956D46DE8}") = "4 - Infra", "4 - Infra", "{74B432E0-0555-4243-9CB1-A8AE67192CA0}"
EndProject
Project("{9A19103F-16F7-4668-BE54-9A1E7A4F7556}") = "WAC.Infra.Data", "API\WAC.Infra.Data\WAC.Infra.Data.csproj", "{6B99BC7D-8EA2-4BEE-A648-05644A796E93}"
EndProject
Project("{2150E333-8FDC-42A3-9474-1A3956D46DE8}") = "3 - Domain", "3 - Domain", "{490459F8-B87B-4FCD-A4A1-3705A7F687DD}"
EndProject
Project("{2150E333-8FDC-42A3-9474-1A3956D46DE8}") = "2 - Application", "2 - Application", "{5C66ED86-EBFA-460A-A481-8D4261C424A1}"
EndProject
Project("{9A19103F-16F7-4668-BE54-9A1E7A4F7556}") = "WAC.Admin.AppService", "API\WAC.Admin.AppService\WAC.Admin.AppService.csproj", "{CA1490FF-61A4-4EE7-BA56-379DD8ADF18E}"
EndProject
Project("{9A19103F-16F7-4668-BE54-9A1E7A4F7556}") = "WAC.WebService.Admin", "API\WAC.WebService.Admin\WAC.WebService.Admin.csproj", "{4B976C12-697D-416C-B6AF-23540D7F5850}"
EndProject
Project("{9A19103F-16F7-4668-BE54-9A1E7A4F7556}") = "WAC.Domain", "API\WAC.Domain\WAC.Domain.csproj", "{58E081BB-1DAF-4996-AEDF-EB0A86B756B2}"
EndProject
Project("{9A19103F-16F7-4668-BE54-9A1E7A4F7556}") = "FWK.Domain_Std", "API\FWK.Domain_Std\FWK.Domain_Std.csproj", "{CD20F2F9-15C6-4C90-98F4-65EC85022A1E}"
EndProject
Project("{9A19103F-16F7-4668-BE54-9A1E7A4F7556}") = "FWK.STD", "API\FWK.STD\FWK.STD.csproj", "{F61D9E56-E0DF-4DEE-98FF-CAB906CE7139}"
EndProject
Global
	GlobalSection(SolutionConfigurationPlatforms) = preSolution
		Debug|Any CPU = Debug|Any CPU
		Debug|x64 = Debug|x64
		Int|Any CPU = Int|Any CPU
		Int|x64 = Int|x64
		Release|Any CPU = Release|Any CPU
		Release|x64 = Release|x64
	EndGlobalSection
	GlobalSection(ProjectConfigurationPlatforms) = postSolution
		{38AF0F54-6FEF-4236-9332-9B78F2E9230C}.Debug|Any CPU.ActiveCfg = Debug|Any CPU
		{38AF0F54-6FEF-4236-9332-9B78F2E9230C}.Debug|Any CPU.Build.0 = Debug|Any CPU
		{38AF0F54-6FEF-4236-9332-9B78F2E9230C}.Debug|x64.ActiveCfg = Debug|x64
		{38AF0F54-6FEF-4236-9332-9B78F2E9230C}.Debug|x64.Build.0 = Debug|x64
		{38AF0F54-6FEF-4236-9332-9B78F2E9230C}.Int|Any CPU.ActiveCfg = Int|Any CPU
		{38AF0F54-6FEF-4236-9332-9B78F2E9230C}.Int|Any CPU.Build.0 = Int|Any CPU
		{38AF0F54-6FEF-4236-9332-9B78F2E9230C}.Int|x64.ActiveCfg = Int|x64
		{38AF0F54-6FEF-4236-9332-9B78F2E9230C}.Int|x64.Build.0 = Int|x64
		{38AF0F54-6FEF-4236-9332-9B78F2E9230C}.Release|Any CPU.ActiveCfg = Release|Any CPU
		{38AF0F54-6FEF-4236-9332-9B78F2E9230C}.Release|Any CPU.Build.0 = Release|Any CPU
		{38AF0F54-6FEF-4236-9332-9B78F2E9230C}.Release|x64.ActiveCfg = Release|x64
		{38AF0F54-6FEF-4236-9332-9B78F2E9230C}.Release|x64.Build.0 = Release|x64
		{5505231E-D651-4FD8-BCA4-A2FEC8C44896}.Debug|Any CPU.ActiveCfg = Debug|Any CPU
		{5505231E-D651-4FD8-BCA4-A2FEC8C44896}.Debug|Any CPU.Build.0 = Debug|Any CPU
		{5505231E-D651-4FD8-BCA4-A2FEC8C44896}.Debug|x64.ActiveCfg = Debug|x64
		{5505231E-D651-4FD8-BCA4-A2FEC8C44896}.Debug|x64.Build.0 = Debug|x64
		{5505231E-D651-4FD8-BCA4-A2FEC8C44896}.Int|Any CPU.ActiveCfg = Int|Any CPU
		{5505231E-D651-4FD8-BCA4-A2FEC8C44896}.Int|Any CPU.Build.0 = Int|Any CPU
		{5505231E-D651-4FD8-BCA4-A2FEC8C44896}.Int|x64.ActiveCfg = Int|x64
		{5505231E-D651-4FD8-BCA4-A2FEC8C44896}.Int|x64.Build.0 = Int|x64
		{5505231E-D651-4FD8-BCA4-A2FEC8C44896}.Release|Any CPU.ActiveCfg = Release|Any CPU
		{5505231E-D651-4FD8-BCA4-A2FEC8C44896}.Release|Any CPU.Build.0 = Release|Any CPU
		{5505231E-D651-4FD8-BCA4-A2FEC8C44896}.Release|x64.ActiveCfg = Release|x64
		{5505231E-D651-4FD8-BCA4-A2FEC8C44896}.Release|x64.Build.0 = Release|x64
		{F55719ED-7338-4507-8188-7D32203DA0F2}.Debug|Any CPU.ActiveCfg = Debug|Any CPU
		{F55719ED-7338-4507-8188-7D32203DA0F2}.Debug|Any CPU.Build.0 = Debug|Any CPU
		{F55719ED-7338-4507-8188-7D32203DA0F2}.Debug|x64.ActiveCfg = Debug|x64
		{F55719ED-7338-4507-8188-7D32203DA0F2}.Debug|x64.Build.0 = Debug|x64
		{F55719ED-7338-4507-8188-7D32203DA0F2}.Int|Any CPU.ActiveCfg = Int|Any CPU
		{F55719ED-7338-4507-8188-7D32203DA0F2}.Int|Any CPU.Build.0 = Int|Any CPU
		{F55719ED-7338-4507-8188-7D32203DA0F2}.Int|x64.ActiveCfg = Int|x64
		{F55719ED-7338-4507-8188-7D32203DA0F2}.Int|x64.Build.0 = Int|x64
		{F55719ED-7338-4507-8188-7D32203DA0F2}.Release|Any CPU.ActiveCfg = Release|Any CPU
		{F55719ED-7338-4507-8188-7D32203DA0F2}.Release|Any CPU.Build.0 = Release|Any CPU
		{F55719ED-7338-4507-8188-7D32203DA0F2}.Release|x64.ActiveCfg = Release|x64
		{F55719ED-7338-4507-8188-7D32203DA0F2}.Release|x64.Build.0 = Release|x64
		{6B99BC7D-8EA2-4BEE-A648-05644A796E93}.Debug|Any CPU.ActiveCfg = Debug|Any CPU
		{6B99BC7D-8EA2-4BEE-A648-05644A796E93}.Debug|Any CPU.Build.0 = Debug|Any CPU
		{6B99BC7D-8EA2-4BEE-A648-05644A796E93}.Debug|x64.ActiveCfg = Debug|x64
		{6B99BC7D-8EA2-4BEE-A648-05644A796E93}.Debug|x64.Build.0 = Debug|x64
		{6B99BC7D-8EA2-4BEE-A648-05644A796E93}.Int|Any CPU.ActiveCfg = Int|Any CPU
		{6B99BC7D-8EA2-4BEE-A648-05644A796E93}.Int|Any CPU.Build.0 = Int|Any CPU
		{6B99BC7D-8EA2-4BEE-A648-05644A796E93}.Int|x64.ActiveCfg = Int|x64
		{6B99BC7D-8EA2-4BEE-A648-05644A796E93}.Int|x64.Build.0 = Int|x64
		{6B99BC7D-8EA2-4BEE-A648-05644A796E93}.Release|Any CPU.ActiveCfg = Release|Any CPU
		{6B99BC7D-8EA2-4BEE-A648-05644A796E93}.Release|Any CPU.Build.0 = Release|Any CPU
		{6B99BC7D-8EA2-4BEE-A648-05644A796E93}.Release|x64.ActiveCfg = Release|x64
		{6B99BC7D-8EA2-4BEE-A648-05644A796E93}.Release|x64.Build.0 = Release|x64
		{CA1490FF-61A4-4EE7-BA56-379DD8ADF18E}.Debug|Any CPU.ActiveCfg = Debug|Any CPU
		{CA1490FF-61A4-4EE7-BA56-379DD8ADF18E}.Debug|Any CPU.Build.0 = Debug|Any CPU
		{CA1490FF-61A4-4EE7-BA56-379DD8ADF18E}.Debug|x64.ActiveCfg = Debug|x64
		{CA1490FF-61A4-4EE7-BA56-379DD8ADF18E}.Debug|x64.Build.0 = Debug|x64
		{CA1490FF-61A4-4EE7-BA56-379DD8ADF18E}.Int|Any CPU.ActiveCfg = Int|Any CPU
		{CA1490FF-61A4-4EE7-BA56-379DD8ADF18E}.Int|Any CPU.Build.0 = Int|Any CPU
		{CA1490FF-61A4-4EE7-BA56-379DD8ADF18E}.Int|x64.ActiveCfg = Int|x64
		{CA1490FF-61A4-4EE7-BA56-379DD8ADF18E}.Int|x64.Build.0 = Int|x64
		{CA1490FF-61A4-4EE7-BA56-379DD8ADF18E}.Release|Any CPU.ActiveCfg = Release|Any CPU
		{CA1490FF-61A4-4EE7-BA56-379DD8ADF18E}.Release|Any CPU.Build.0 = Release|Any CPU
		{CA1490FF-61A4-4EE7-BA56-379DD8ADF18E}.Release|x64.ActiveCfg = Release|x64
		{CA1490FF-61A4-4EE7-BA56-379DD8ADF18E}.Release|x64.Build.0 = Release|x64
		{4B976C12-697D-416C-B6AF-23540D7F5850}.Debug|Any CPU.ActiveCfg = Debug|Any CPU
		{4B976C12-697D-416C-B6AF-23540D7F5850}.Debug|Any CPU.Build.0 = Debug|Any CPU
		{4B976C12-697D-416C-B6AF-23540D7F5850}.Debug|x64.ActiveCfg = Debug|x64
		{4B976C12-697D-416C-B6AF-23540D7F5850}.Debug|x64.Build.0 = Debug|x64
		{4B976C12-697D-416C-B6AF-23540D7F5850}.Int|Any CPU.ActiveCfg = Int|Any CPU
		{4B976C12-697D-416C-B6AF-23540D7F5850}.Int|Any CPU.Build.0 = Int|Any CPU
		{4B976C12-697D-416C-B6AF-23540D7F5850}.Int|x64.ActiveCfg = Int|x64
		{4B976C12-697D-416C-B6AF-23540D7F5850}.Int|x64.Build.0 = Int|x64
		{4B976C12-697D-416C-B6AF-23540D7F5850}.Release|Any CPU.ActiveCfg = Release|Any CPU
		{4B976C12-697D-416C-B6AF-23540D7F5850}.Release|Any CPU.Build.0 = Release|Any CPU
		{4B976C12-697D-416C-B6AF-23540D7F5850}.Release|x64.ActiveCfg = Release|x64
		{4B976C12-697D-416C-B6AF-23540D7F5850}.Release|x64.Build.0 = Release|x64
		{58E081BB-1DAF-4996-AEDF-EB0A86B756B2}.Debug|Any CPU.ActiveCfg = Debug|Any CPU
		{58E081BB-1DAF-4996-AEDF-EB0A86B756B2}.Debug|Any CPU.Build.0 = Debug|Any CPU
		{58E081BB-1DAF-4996-AEDF-EB0A86B756B2}.Debug|x64.ActiveCfg = Debug|x64
		{58E081BB-1DAF-4996-AEDF-EB0A86B756B2}.Debug|x64.Build.0 = Debug|x64
		{58E081BB-1DAF-4996-AEDF-EB0A86B756B2}.Int|Any CPU.ActiveCfg = Debug|Any CPU
		{58E081BB-1DAF-4996-AEDF-EB0A86B756B2}.Int|Any CPU.Build.0 = Debug|Any CPU
		{58E081BB-1DAF-4996-AEDF-EB0A86B756B2}.Int|x64.ActiveCfg = Release|x64
		{58E081BB-1DAF-4996-AEDF-EB0A86B756B2}.Int|x64.Build.0 = Release|x64
		{58E081BB-1DAF-4996-AEDF-EB0A86B756B2}.Release|Any CPU.ActiveCfg = Release|Any CPU
		{58E081BB-1DAF-4996-AEDF-EB0A86B756B2}.Release|Any CPU.Build.0 = Release|Any CPU
		{58E081BB-1DAF-4996-AEDF-EB0A86B756B2}.Release|x64.ActiveCfg = Release|x64
		{58E081BB-1DAF-4996-AEDF-EB0A86B756B2}.Release|x64.Build.0 = Release|x64
		{CD20F2F9-15C6-4C90-98F4-65EC85022A1E}.Debug|Any CPU.ActiveCfg = Debug|Any CPU
		{CD20F2F9-15C6-4C90-98F4-65EC85022A1E}.Debug|Any CPU.Build.0 = Debug|Any CPU
		{CD20F2F9-15C6-4C90-98F4-65EC85022A1E}.Debug|x64.ActiveCfg = Debug|x64
		{CD20F2F9-15C6-4C90-98F4-65EC85022A1E}.Debug|x64.Build.0 = Debug|x64
		{CD20F2F9-15C6-4C90-98F4-65EC85022A1E}.Int|Any CPU.ActiveCfg = Debug|Any CPU
		{CD20F2F9-15C6-4C90-98F4-65EC85022A1E}.Int|Any CPU.Build.0 = Debug|Any CPU
		{CD20F2F9-15C6-4C90-98F4-65EC85022A1E}.Int|x64.ActiveCfg = Release|x64
		{CD20F2F9-15C6-4C90-98F4-65EC85022A1E}.Int|x64.Build.0 = Release|x64
		{CD20F2F9-15C6-4C90-98F4-65EC85022A1E}.Release|Any CPU.ActiveCfg = Release|Any CPU
		{CD20F2F9-15C6-4C90-98F4-65EC85022A1E}.Release|Any CPU.Build.0 = Release|Any CPU
		{CD20F2F9-15C6-4C90-98F4-65EC85022A1E}.Release|x64.ActiveCfg = Release|x64
		{CD20F2F9-15C6-4C90-98F4-65EC85022A1E}.Release|x64.Build.0 = Release|x64
		{F61D9E56-E0DF-4DEE-98FF-CAB906CE7139}.Debug|Any CPU.ActiveCfg = Debug|Any CPU
		{F61D9E56-E0DF-4DEE-98FF-CAB906CE7139}.Debug|Any CPU.Build.0 = Debug|Any CPU
		{F61D9E56-E0DF-4DEE-98FF-CAB906CE7139}.Debug|x64.ActiveCfg = Debug|x64
		{F61D9E56-E0DF-4DEE-98FF-CAB906CE7139}.Debug|x64.Build.0 = Debug|x64
		{F61D9E56-E0DF-4DEE-98FF-CAB906CE7139}.Int|Any CPU.ActiveCfg = Debug|Any CPU
		{F61D9E56-E0DF-4DEE-98FF-CAB906CE7139}.Int|Any CPU.Build.0 = Debug|Any CPU
		{F61D9E56-E0DF-4DEE-98FF-CAB906CE7139}.Int|x64.ActiveCfg = Release|x64
		{F61D9E56-E0DF-4DEE-98FF-CAB906CE7139}.Int|x64.Build.0 = Release|x64
		{F61D9E56-E0DF-4DEE-98FF-CAB906CE7139}.Release|Any CPU.ActiveCfg = Release|Any CPU
		{F61D9E56-E0DF-4DEE-98FF-CAB906CE7139}.Release|Any CPU.Build.0 = Release|Any CPU
		{F61D9E56-E0DF-4DEE-98FF-CAB906CE7139}.Release|x64.ActiveCfg = Release|x64
		{F61D9E56-E0DF-4DEE-98FF-CAB906CE7139}.Release|x64.Build.0 = Release|x64
	EndGlobalSection
	GlobalSection(SolutionProperties) = preSolution
		HideSolutionNode = FALSE
	EndGlobalSection
	GlobalSection(NestedProjects) = preSolution
		{3527915C-4878-4D16-8F3B-DE58160900D9} = {B0EF7186-65A5-4403-A119-5A1316D8E28D}
		{DCA168B3-9F31-47B0-8A99-0A7960E6014E} = {3527915C-4878-4D16-8F3B-DE58160900D9}
		{38AF0F54-6FEF-4236-9332-9B78F2E9230C} = {DCA168B3-9F31-47B0-8A99-0A7960E6014E}
		{905F558F-F5B0-44BC-BA8A-48223B888AA1} = {3527915C-4878-4D16-8F3B-DE58160900D9}
		{5505231E-D651-4FD8-BCA4-A2FEC8C44896} = {905F558F-F5B0-44BC-BA8A-48223B888AA1}
		{CECABAC1-16A4-40BB-B3E5-77F924627347} = {3527915C-4878-4D16-8F3B-DE58160900D9}
		{4B9D2698-5D3F-42BA-9EBE-D6180D38D93F} = {3527915C-4878-4D16-8F3B-DE58160900D9}
		{F55719ED-7338-4507-8188-7D32203DA0F2} = {4B9D2698-5D3F-42BA-9EBE-D6180D38D93F}
		{7EABE880-8DB6-499A-9411-C8A61392969F} = {B0EF7186-65A5-4403-A119-5A1316D8E28D}
		{74B432E0-0555-4243-9CB1-A8AE67192CA0} = {B0EF7186-65A5-4403-A119-5A1316D8E28D}
		{6B99BC7D-8EA2-4BEE-A648-05644A796E93} = {74B432E0-0555-4243-9CB1-A8AE67192CA0}
		{490459F8-B87B-4FCD-A4A1-3705A7F687DD} = {B0EF7186-65A5-4403-A119-5A1316D8E28D}
		{5C66ED86-EBFA-460A-A481-8D4261C424A1} = {B0EF7186-65A5-4403-A119-5A1316D8E28D}
		{CA1490FF-61A4-4EE7-BA56-379DD8ADF18E} = {5C66ED86-EBFA-460A-A481-8D4261C424A1}
		{4B976C12-697D-416C-B6AF-23540D7F5850} = {7EABE880-8DB6-499A-9411-C8A61392969F}
		{58E081BB-1DAF-4996-AEDF-EB0A86B756B2} = {490459F8-B87B-4FCD-A4A1-3705A7F687DD}
		{CD20F2F9-15C6-4C90-98F4-65EC85022A1E} = {CECABAC1-16A4-40BB-B3E5-77F924627347}
		{F61D9E56-E0DF-4DEE-98FF-CAB906CE7139} = {CECABAC1-16A4-40BB-B3E5-77F924627347}
	EndGlobalSection
	GlobalSection(ExtensibilityGlobals) = postSolution
		SolutionGuid = {DDCC8AF6-EAB3-498C-B606-55B576E1F5E8}
	EndGlobalSection
EndGlobal
